
Microsoft Visual Studio Solution File, Format Version 12.00
# Visual Studio Version 17
VisualStudioVersion = 17.14.36310.24 d17.14
MinimumVisualStudioVersion = 10.0.40219.1
Project("{FAE04EC0-301F-11D3-BF4B-00C04F79EFBC}") = "Shipment Box Packer (Greedy)", "Shipment Box Packer (Greedy).csproj", "{57DAB00D-589A-4A2B-8737-46677F606F2D}"
EndProject
Global
	GlobalSection(SolutionConfigurationPlatforms) = preSolution
		Debug|Any CPU = Debug|Any CPU
		Release|Any CPU = Release|Any CPU
	EndGlobalSection
	GlobalSection(ProjectConfigurationPlatforms) = postSolution
		{57DAB00D-589A-4A2B-8737-46677F606F2D}.Debug|Any CPU.ActiveCfg = Debug|Any CPU
		{57DAB00D-589A-4A2B-8737-46677F606F2D}.Debug|Any CPU.Build.0 = Debug|Any CPU
		{57DAB00D-589A-4A2B-8737-46677F606F2D}.Release|Any CPU.ActiveCfg = Release|Any CPU
		{57DAB00D-589A-4A2B-8737-46677F606F2D}.Release|Any CPU.Build.0 = Release|Any CPU
	EndGlobalSection
	GlobalSection(SolutionProperties) = preSolution
		HideSolutionNode = FALSE
	EndGlobalSection
	GlobalSection(ExtensibilityGlobals) = postSolution
		SolutionGuid = {391AA4A5-0991-462C-83D7-00A6AC56697D}
	EndGlobalSection
EndGlobal
